// !$*UTF8*$!
{
	archiveVersion = 1;
	classes = {
	};
	objectVersion = 46;
	objects = {

/* Begin PBXBuildFile section */
		55D578B518F72CF60022CD99 /* Foundation.framework in Frameworks */ = {isa = PBXBuildFile; fileRef = 55D578B418F72CF60022CD99 /* Foundation.framework */; };
		55D578B718F72CF60022CD99 /* CoreGraphics.framework in Frameworks */ = {isa = PBXBuildFile; fileRef = 55D578B618F72CF60022CD99 /* CoreGraphics.framework */; };
		55D578B918F72CF60022CD99 /* UIKit.framework in Frameworks */ = {isa = PBXBuildFile; fileRef = 55D578B818F72CF60022CD99 /* UIKit.framework */; };
		55D578BF18F72CF60022CD99 /* InfoPlist.strings in Resources */ = {isa = PBXBuildFile; fileRef = 55D578BD18F72CF60022CD99 /* InfoPlist.strings */; };
		55D578C118F72CF60022CD99 /* main.m in Sources */ = {isa = PBXBuildFile; fileRef = 55D578C018F72CF60022CD99 /* main.m */; };
		55D578C518F72CF60022CD99 /* TopPlacesAppDelegate.m in Sources */ = {isa = PBXBuildFile; fileRef = 55D578C418F72CF60022CD99 /* TopPlacesAppDelegate.m */; };
		55D578C818F72CF60022CD99 /* Main_iPhone.storyboard in Resources */ = {isa = PBXBuildFile; fileRef = 55D578C618F72CF60022CD99 /* Main_iPhone.storyboard */; };
		55D578CB18F72CF60022CD99 /* Main_iPad.storyboard in Resources */ = {isa = PBXBuildFile; fileRef = 55D578C918F72CF60022CD99 /* Main_iPad.storyboard */; };
		55D578CE18F72CF60022CD99 /* TopPlacesViewController.m in Sources */ = {isa = PBXBuildFile; fileRef = 55D578CD18F72CF60022CD99 /* TopPlacesViewController.m */; };
		55D578D018F72CF60022CD99 /* Images.xcassets in Resources */ = {isa = PBXBuildFile; fileRef = 55D578CF18F72CF60022CD99 /* Images.xcassets */; };
		55D578D718F72CF60022CD99 /* XCTest.framework in Frameworks */ = {isa = PBXBuildFile; fileRef = 55D578D618F72CF60022CD99 /* XCTest.framework */; };
		55D578D818F72CF60022CD99 /* Foundation.framework in Frameworks */ = {isa = PBXBuildFile; fileRef = 55D578B418F72CF60022CD99 /* Foundation.framework */; };
		55D578D918F72CF60022CD99 /* UIKit.framework in Frameworks */ = {isa = PBXBuildFile; fileRef = 55D578B818F72CF60022CD99 /* UIKit.framework */; };
		55D578E118F72CF60022CD99 /* InfoPlist.strings in Resources */ = {isa = PBXBuildFile; fileRef = 55D578DF18F72CF60022CD99 /* InfoPlist.strings */; };
		55D578E318F72CF60022CD99 /* TopPlacesTests.m in Sources */ = {isa = PBXBuildFile; fileRef = 55D578E218F72CF60022CD99 /* TopPlacesTests.m */; };
		55D578F018F72D470022CD99 /* FlickrFetcher.m in Sources */ = {isa = PBXBuildFile; fileRef = 55D578EF18F72D470022CD99 /* FlickrFetcher.m */; };
		55D578F318F72F240022CD99 /* FlickrPlacesTVC.m in Sources */ = {isa = PBXBuildFile; fileRef = 55D578F218F72F240022CD99 /* FlickrPlacesTVC.m */; };
		55D578F618F730E20022CD99 /* TopFlickrPlacesTVC.m in Sources */ = {isa = PBXBuildFile; fileRef = 55D578F518F730E20022CD99 /* TopFlickrPlacesTVC.m */; };
/* End PBXBuildFile section */

/* Begin PBXContainerItemProxy section */
		55D578DA18F72CF60022CD99 /* PBXContainerItemProxy */ = {
			isa = PBXContainerItemProxy;
			containerPortal = 55D578A918F72CF60022CD99 /* Project object */;
			proxyType = 1;
			remoteGlobalIDString = 55D578B018F72CF60022CD99;
			remoteInfo = TopPlaces;
		};
/* End PBXContainerItemProxy section */

/* Begin PBXFileReference section */
		55D578B118F72CF60022CD99 /* TopPlaces.app */ = {isa = PBXFileReference; explicitFileType = wrapper.application; includeInIndex = 0; path = TopPlaces.app; sourceTree = BUILT_PRODUCTS_DIR; };
		55D578B418F72CF60022CD99 /* Foundation.framework */ = {isa = PBXFileReference; lastKnownFileType = wrapper.framework; name = Foundation.framework; path = System/Library/Frameworks/Foundation.framework; sourceTree = SDKROOT; };
		55D578B618F72CF60022CD99 /* CoreGraphics.framework */ = {isa = PBXFileReference; lastKnownFileType = wrapper.framework; name = CoreGraphics.framework; path = System/Library/Frameworks/CoreGraphics.framework; sourceTree = SDKROOT; };
		55D578B818F72CF60022CD99 /* UIKit.framework */ = {isa = PBXFileReference; lastKnownFileType = wrapper.framework; name = UIKit.framework; path = System/Library/Frameworks/UIKit.framework; sourceTree = SDKROOT; };
		55D578BC18F72CF60022CD99 /* TopPlaces-Info.plist */ = {isa = PBXFileReference; lastKnownFileType = text.plist.xml; path = "TopPlaces-Info.plist"; sourceTree = "<group>"; };
		55D578BE18F72CF60022CD99 /* en */ = {isa = PBXFileReference; lastKnownFileType = text.plist.strings; name = en; path = en.lproj/InfoPlist.strings; sourceTree = "<group>"; };
		55D578C018F72CF60022CD99 /* main.m */ = {isa = PBXFileReference; lastKnownFileType = sourcecode.c.objc; path = main.m; sourceTree = "<group>"; };
		55D578C218F72CF60022CD99 /* TopPlaces-Prefix.pch */ = {isa = PBXFileReference; lastKnownFileType = sourcecode.c.h; path = "TopPlaces-Prefix.pch"; sourceTree = "<group>"; };
		55D578C318F72CF60022CD99 /* TopPlacesAppDelegate.h */ = {isa = PBXFileReference; lastKnownFileType = sourcecode.c.h; path = TopPlacesAppDelegate.h; sourceTree = "<group>"; };
		55D578C418F72CF60022CD99 /* TopPlacesAppDelegate.m */ = {isa = PBXFileReference; lastKnownFileType = sourcecode.c.objc; path = TopPlacesAppDelegate.m; sourceTree = "<group>"; };
		55D578C718F72CF60022CD99 /* Base */ = {isa = PBXFileReference; lastKnownFileType = file.storyboard; name = Base; path = Base.lproj/Main_iPhone.storyboard; sourceTree = "<group>"; };
		55D578CA18F72CF60022CD99 /* Base */ = {isa = PBXFileReference; lastKnownFileType = file.storyboard; name = Base; path = Base.lproj/Main_iPad.storyboard; sourceTree = "<group>"; };
		55D578CC18F72CF60022CD99 /* TopPlacesViewController.h */ = {isa = PBXFileReference; lastKnownFileType = sourcecode.c.h; path = TopPlacesViewController.h; sourceTree = "<group>"; };
		55D578CD18F72CF60022CD99 /* TopPlacesViewController.m */ = {isa = PBXFileReference; lastKnownFileType = sourcecode.c.objc; path = TopPlacesViewController.m; sourceTree = "<group>"; };
		55D578CF18F72CF60022CD99 /* Images.xcassets */ = {isa = PBXFileReference; lastKnownFileType = folder.assetcatalog; path = Images.xcassets; sourceTree = "<group>"; };
		55D578D518F72CF60022CD99 /* TopPlacesTests.xctest */ = {isa = PBXFileReference; explicitFileType = wrapper.cfbundle; includeInIndex = 0; path = TopPlacesTests.xctest; sourceTree = BUILT_PRODUCTS_DIR; };
		55D578D618F72CF60022CD99 /* XCTest.framework */ = {isa = PBXFileReference; lastKnownFileType = wrapper.framework; name = XCTest.framework; path = Library/Frameworks/XCTest.framework; sourceTree = DEVELOPER_DIR; };
		55D578DE18F72CF60022CD99 /* TopPlacesTests-Info.plist */ = {isa = PBXFileReference; lastKnownFileType = text.plist.xml; path = "TopPlacesTests-Info.plist"; sourceTree = "<group>"; };
		55D578E018F72CF60022CD99 /* en */ = {isa = PBXFileReference; lastKnownFileType = text.plist.strings; name = en; path = en.lproj/InfoPlist.strings; sourceTree = "<group>"; };
		55D578E218F72CF60022CD99 /* TopPlacesTests.m */ = {isa = PBXFileReference; lastKnownFileType = sourcecode.c.objc; path = TopPlacesTests.m; sourceTree = "<group>"; };
		55D578ED18F72D470022CD99 /* FlickrAPIKey.h */ = {isa = PBXFileReference; fileEncoding = 4; lastKnownFileType = sourcecode.c.h; path = FlickrAPIKey.h; sourceTree = "<group>"; };
		55D578EE18F72D470022CD99 /* FlickrFetcher.h */ = {isa = PBXFileReference; fileEncoding = 4; lastKnownFileType = sourcecode.c.h; path = FlickrFetcher.h; sourceTree = "<group>"; };
		55D578EF18F72D470022CD99 /* FlickrFetcher.m */ = {isa = PBXFileReference; fileEncoding = 4; lastKnownFileType = sourcecode.c.objc; path = FlickrFetcher.m; sourceTree = "<group>"; };
		55D578F118F72F240022CD99 /* FlickrPlacesTVC.h */ = {isa = PBXFileReference; fileEncoding = 4; lastKnownFileType = sourcecode.c.h; path = FlickrPlacesTVC.h; sourceTree = "<group>"; };
		55D578F218F72F240022CD99 /* FlickrPlacesTVC.m */ = {isa = PBXFileReference; fileEncoding = 4; lastKnownFileType = sourcecode.c.objc; path = FlickrPlacesTVC.m; sourceTree = "<group>"; };
		55D578F418F730E20022CD99 /* TopFlickrPlacesTVC.h */ = {isa = PBXFileReference; fileEncoding = 4; lastKnownFileType = sourcecode.c.h; path = TopFlickrPlacesTVC.h; sourceTree = "<group>"; };
		55D578F518F730E20022CD99 /* TopFlickrPlacesTVC.m */ = {isa = PBXFileReference; fileEncoding = 4; lastKnownFileType = sourcecode.c.objc; path = TopFlickrPlacesTVC.m; sourceTree = "<group>"; };
/* End PBXFileReference section */

/* Begin PBXFrameworksBuildPhase section */
		55D578AE18F72CF60022CD99 /* Frameworks */ = {
			isa = PBXFrameworksBuildPhase;
			buildActionMask = 2147483647;
			files = (
				55D578B718F72CF60022CD99 /* CoreGraphics.framework in Frameworks */,
				55D578B918F72CF60022CD99 /* UIKit.framework in Frameworks */,
				55D578B518F72CF60022CD99 /* Foundation.framework in Frameworks */,
			);
			runOnlyForDeploymentPostprocessing = 0;
		};
		55D578D218F72CF60022CD99 /* Frameworks */ = {
			isa = PBXFrameworksBuildPhase;
			buildActionMask = 2147483647;
			files = (
				55D578D718F72CF60022CD99 /* XCTest.framework in Frameworks */,
				55D578D918F72CF60022CD99 /* UIKit.framework in Frameworks */,
				55D578D818F72CF60022CD99 /* Foundation.framework in Frameworks */,
			);
			runOnlyForDeploymentPostprocessing = 0;
		};
/* End PBXFrameworksBuildPhase section */

/* Begin PBXGroup section */
		55D578A818F72CF60022CD99 = {
			isa = PBXGroup;
			children = (
				55D578BA18F72CF60022CD99 /* TopPlaces */,
				55D578DC18F72CF60022CD99 /* TopPlacesTests */,
				55D578B318F72CF60022CD99 /* Frameworks */,
				55D578B218F72CF60022CD99 /* Products */,
			);
			sourceTree = "<group>";
		};
		55D578B218F72CF60022CD99 /* Products */ = {
			isa = PBXGroup;
			children = (
				55D578B118F72CF60022CD99 /* TopPlaces.app */,
				55D578D518F72CF60022CD99 /* TopPlacesTests.xctest */,
			);
			name = Products;
			sourceTree = "<group>";
		};
		55D578B318F72CF60022CD99 /* Frameworks */ = {
			isa = PBXGroup;
			children = (
				55D578B418F72CF60022CD99 /* Foundation.framework */,
				55D578B618F72CF60022CD99 /* CoreGraphics.framework */,
				55D578B818F72CF60022CD99 /* UIKit.framework */,
				55D578D618F72CF60022CD99 /* XCTest.framework */,
			);
			name = Frameworks;
			sourceTree = "<group>";
		};
		55D578BA18F72CF60022CD99 /* TopPlaces */ = {
			isa = PBXGroup;
			children = (
				55D578C618F72CF60022CD99 /* Main_iPhone.storyboard */,
				55D578F118F72F240022CD99 /* FlickrPlacesTVC.h */,
				55D578F218F72F240022CD99 /* FlickrPlacesTVC.m */,
				55D578F418F730E20022CD99 /* TopFlickrPlacesTVC.h */,
				55D578F518F730E20022CD99 /* TopFlickrPlacesTVC.m */,
				55D578C918F72CF60022CD99 /* Main_iPad.storyboard */,
				55D578CC18F72CF60022CD99 /* TopPlacesViewController.h */,
				55D578CD18F72CF60022CD99 /* TopPlacesViewController.m */,
				55D578EC18F72D460022CD99 /* Flickr Fetcher */,
				55D578CF18F72CF60022CD99 /* Images.xcassets */,
				55D578BB18F72CF60022CD99 /* Supporting Files */,
			);
			path = TopPlaces;
			sourceTree = "<group>";
		};
		55D578BB18F72CF60022CD99 /* Supporting Files */ = {
			isa = PBXGroup;
			children = (
				55D578C318F72CF60022CD99 /* TopPlacesAppDelegate.h */,
				55D578C418F72CF60022CD99 /* TopPlacesAppDelegate.m */,
				55D578BC18F72CF60022CD99 /* TopPlaces-Info.plist */,
				55D578BD18F72CF60022CD99 /* InfoPlist.strings */,
				55D578C018F72CF60022CD99 /* main.m */,
				55D578C218F72CF60022CD99 /* TopPlaces-Prefix.pch */,
			);
			name = "Supporting Files";
			sourceTree = "<group>";
		};
		55D578DC18F72CF60022CD99 /* TopPlacesTests */ = {
			isa = PBXGroup;
			children = (
				55D578E218F72CF60022CD99 /* TopPlacesTests.m */,
				55D578DD18F72CF60022CD99 /* Supporting Files */,
			);
			path = TopPlacesTests;
			sourceTree = "<group>";
		};
		55D578DD18F72CF60022CD99 /* Supporting Files */ = {
			isa = PBXGroup;
			children = (
				55D578DE18F72CF60022CD99 /* TopPlacesTests-Info.plist */,
				55D578DF18F72CF60022CD99 /* InfoPlist.strings */,
			);
			name = "Supporting Files";
			sourceTree = "<group>";
		};
		55D578EC18F72D460022CD99 /* Flickr Fetcher */ = {
			isa = PBXGroup;
			children = (
				55D578ED18F72D470022CD99 /* FlickrAPIKey.h */,
				55D578EE18F72D470022CD99 /* FlickrFetcher.h */,
				55D578EF18F72D470022CD99 /* FlickrFetcher.m */,
			);
			path = "Flickr Fetcher";
			sourceTree = "<group>";
		};
/* End PBXGroup section */

/* Begin PBXNativeTarget section */
		55D578B018F72CF60022CD99 /* TopPlaces */ = {
			isa = PBXNativeTarget;
			buildConfigurationList = 55D578E618F72CF60022CD99 /* Build configuration list for PBXNativeTarget "TopPlaces" */;
			buildPhases = (
				55D578AD18F72CF60022CD99 /* Sources */,
				55D578AE18F72CF60022CD99 /* Frameworks */,
				55D578AF18F72CF60022CD99 /* Resources */,
			);
			buildRules = (
			);
			dependencies = (
			);
			name = TopPlaces;
			productName = TopPlaces;
			productReference = 55D578B118F72CF60022CD99 /* TopPlaces.app */;
			productType = "com.apple.product-type.application";
		};
		55D578D418F72CF60022CD99 /* TopPlacesTests */ = {
			isa = PBXNativeTarget;
			buildConfigurationList = 55D578E918F72CF60022CD99 /* Build configuration list for PBXNativeTarget "TopPlacesTests" */;
			buildPhases = (
				55D578D118F72CF60022CD99 /* Sources */,
				55D578D218F72CF60022CD99 /* Frameworks */,
				55D578D318F72CF60022CD99 /* Resources */,
			);
			buildRules = (
			);
			dependencies = (
				55D578DB18F72CF60022CD99 /* PBXTargetDependency */,
			);
			name = TopPlacesTests;
			productName = TopPlacesTests;
			productReference = 55D578D518F72CF60022CD99 /* TopPlacesTests.xctest */;
			productType = "com.apple.product-type.bundle.unit-test";
		};
/* End PBXNativeTarget section */

/* Begin PBXProject section */
		55D578A918F72CF60022CD99 /* Project object */ = {
			isa = PBXProject;
			attributes = {
				CLASSPREFIX = TopPlaces;
				LastUpgradeCheck = 0510;
				ORGANIZATIONNAME = "Userwise Solutions";
				TargetAttributes = {
					55D578D418F72CF60022CD99 = {
						TestTargetID = 55D578B018F72CF60022CD99;
					};
				};
			};
			buildConfigurationList = 55D578AC18F72CF60022CD99 /* Build configuration list for PBXProject "TopPlaces" */;
			compatibilityVersion = "Xcode 3.2";
			developmentRegion = English;
			hasScannedForEncodings = 0;
			knownRegions = (
				en,
				Base,
			);
			mainGroup = 55D578A818F72CF60022CD99;
			productRefGroup = 55D578B218F72CF60022CD99 /* Products */;
			projectDirPath = "";
			projectRoot = "";
			targets = (
				55D578B018F72CF60022CD99 /* TopPlaces */,
				55D578D418F72CF60022CD99 /* TopPlacesTests */,
			);
		};
/* End PBXProject section */

/* Begin PBXResourcesBuildPhase section */
		55D578AF18F72CF60022CD99 /* Resources */ = {
			isa = PBXResourcesBuildPhase;
			buildActionMask = 2147483647;
			files = (
				55D578CB18F72CF60022CD99 /* Main_iPad.storyboard in Resources */,
				55D578D018F72CF60022CD99 /* Images.xcassets in Resources */,
				55D578C818F72CF60022CD99 /* Main_iPhone.storyboard in Resources */,
				55D578BF18F72CF60022CD99 /* InfoPlist.strings in Resources */,
			);
			runOnlyForDeploymentPostprocessing = 0;
		};
		55D578D318F72CF60022CD99 /* Resources */ = {
			isa = PBXResourcesBuildPhase;
			buildActionMask = 2147483647;
			files = (
				55D578E118F72CF60022CD99 /* InfoPlist.strings in Resources */,
			);
			runOnlyForDeploymentPostprocessing = 0;
		};
/* End PBXResourcesBuildPhase section */

/* Begin PBXSourcesBuildPhase section */
		55D578AD18F72CF60022CD99 /* Sources */ = {
			isa = PBXSourcesBuildPhase;
			buildActionMask = 2147483647;
			files = (
				55D578CE18F72CF60022CD99 /* TopPlacesViewController.m in Sources */,
				55D578C518F72CF60022CD99 /* TopPlacesAppDelegate.m in Sources */,
				55D578F618F730E20022CD99 /* TopFlickrPlacesTVC.m in Sources */,
				55D578F018F72D470022CD99 /* FlickrFetcher.m in Sources */,
				55D578C118F72CF60022CD99 /* main.m in Sources */,
				55D578F318F72F240022CD99 /* FlickrPlacesTVC.m in Sources */,
			);
			runOnlyForDeploymentPostprocessing = 0;
		};
		55D578D118F72CF60022CD99 /* Sources */ = {
			isa = PBXSourcesBuildPhase;
			buildActionMask = 2147483647;
			files = (
				55D578E318F72CF60022CD99 /* TopPlacesTests.m in Sources */,
			);
			runOnlyForDeploymentPostprocessing = 0;
		};
/* End PBXSourcesBuildPhase section */

/* Begin PBXTargetDependency section */
		55D578DB18F72CF60022CD99 /* PBXTargetDependency */ = {
			isa = PBXTargetDependency;
			target = 55D578B018F72CF60022CD99 /* TopPlaces */;
			targetProxy = 55D578DA18F72CF60022CD99 /* PBXContainerItemProxy */;
		};
/* End PBXTargetDependency section */

/* Begin PBXVariantGroup section */
		55D578BD18F72CF60022CD99 /* InfoPlist.strings */ = {
			isa = PBXVariantGroup;
			children = (
				55D578BE18F72CF60022CD99 /* en */,
			);
			name = InfoPlist.strings;
			sourceTree = "<group>";
		};
		55D578C618F72CF60022CD99 /* Main_iPhone.storyboard */ = {
			isa = PBXVariantGroup;
			children = (
				55D578C718F72CF60022CD99 /* Base */,
			);
			name = Main_iPhone.storyboard;
			sourceTree = "<group>";
		};
		55D578C918F72CF60022CD99 /* Main_iPad.storyboard */ = {
			isa = PBXVariantGroup;
			children = (
				55D578CA18F72CF60022CD99 /* Base */,
			);
			name = Main_iPad.storyboard;
			sourceTree = "<group>";
		};
		55D578DF18F72CF60022CD99 /* InfoPlist.strings */ = {
			isa = PBXVariantGroup;
			children = (
				55D578E018F72CF60022CD99 /* en */,
			);
			name = InfoPlist.strings;
			sourceTree = "<group>";
		};
/* End PBXVariantGroup section */

/* Begin XCBuildConfiguration section */
		55D578E418F72CF60022CD99 /* Debug */ = {
			isa = XCBuildConfiguration;
			buildSettings = {
				ALWAYS_SEARCH_USER_PATHS = NO;
				CLANG_CXX_LANGUAGE_STANDARD = "gnu++0x";
				CLANG_CXX_LIBRARY = "libc++";
				CLANG_ENABLE_MODULES = YES;
				CLANG_ENABLE_OBJC_ARC = YES;
				CLANG_WARN_BOOL_CONVERSION = YES;
				CLANG_WARN_CONSTANT_CONVERSION = YES;
				CLANG_WARN_DIRECT_OBJC_ISA_USAGE = YES_ERROR;
				CLANG_WARN_EMPTY_BODY = YES;
				CLANG_WARN_ENUM_CONVERSION = YES;
				CLANG_WARN_INT_CONVERSION = YES;
				CLANG_WARN_OBJC_ROOT_CLASS = YES_ERROR;
				CLANG_WARN__DUPLICATE_METHOD_MATCH = YES;
				"CODE_SIGN_IDENTITY[sdk=iphoneos*]" = "iPhone Developer";
				COPY_PHASE_STRIP = NO;
				GCC_C_LANGUAGE_STANDARD = gnu99;
				GCC_DYNAMIC_NO_PIC = NO;
				GCC_OPTIMIZATION_LEVEL = 0;
				GCC_PREPROCESSOR_DEFINITIONS = (
					"DEBUG=1",
					"$(inherited)",
				);
				GCC_SYMBOLS_PRIVATE_EXTERN = NO;
				GCC_WARN_64_TO_32_BIT_CONVERSION = YES;
				GCC_WARN_ABOUT_RETURN_TYPE = YES_ERROR;
				GCC_WARN_UNDECLARED_SELECTOR = YES;
				GCC_WARN_UNINITIALIZED_AUTOS = YES_AGGRESSIVE;
				GCC_WARN_UNUSED_FUNCTION = YES;
				GCC_WARN_UNUSED_VARIABLE = YES;
				IPHONEOS_DEPLOYMENT_TARGET = 7.1;
				ONLY_ACTIVE_ARCH = YES;
				SDKROOT = iphoneos;
				TARGETED_DEVICE_FAMILY = "1,2";
			};
			name = Debug;
		};
		55D578E518F72CF60022CD99 /* Release */ = {
			isa = XCBuildConfiguration;
			buildSettings = {
				ALWAYS_SEARCH_USER_PATHS = NO;
				CLANG_CXX_LANGUAGE_STANDARD = "gnu++0x";
				CLANG_CXX_LIBRARY = "libc++";
				CLANG_ENABLE_MODULES = YES;
				CLANG_ENABLE_OBJC_ARC = YES;
				CLANG_WARN_BOOL_CONVERSION = YES;
				CLANG_WARN_CONSTANT_CONVERSION = YES;
				CLANG_WARN_DIRECT_OBJC_ISA_USAGE = YES_ERROR;
				CLANG_WARN_EMPTY_BODY = YES;
				CLANG_WARN_ENUM_CONVERSION = YES;
				CLANG_WARN_INT_CONVERSION = YES;
				CLANG_WARN_OBJC_ROOT_CLASS = YES_ERROR;
				CLANG_WARN__DUPLICATE_METHOD_MATCH = YES;
				"CODE_SIGN_IDENTITY[sdk=iphoneos*]" = "iPhone Developer";
				COPY_PHASE_STRIP = YES;
				ENABLE_NS_ASSERTIONS = NO;
				GCC_C_LANGUAGE_STANDARD = gnu99;
				GCC_WARN_64_TO_32_BIT_CONVERSION = YES;
				GCC_WARN_ABOUT_RETURN_TYPE = YES_ERROR;
				GCC_WARN_UNDECLARED_SELECTOR = YES;
				GCC_WARN_UNINITIALIZED_AUTOS = YES_AGGRESSIVE;
				GCC_WARN_UNUSED_FUNCTION = YES;
				GCC_WARN_UNUSED_VARIABLE = YES;
				IPHONEOS_DEPLOYMENT_TARGET = 7.1;
				SDKROOT = iphoneos;
				TARGETED_DEVICE_FAMILY = "1,2";
				VALIDATE_PRODUCT = YES;
			};
			name = Release;
		};
		55D578E718F72CF60022CD99 /* Debug */ = {
			isa = XCBuildConfiguration;
			buildSettings = {
				ASSETCATALOG_COMPILER_APPICON_NAME = AppIcon;
				ASSETCATALOG_COMPILER_LAUNCHIMAGE_NAME = LaunchImage;
				GCC_PRECOMPILE_PREFIX_HEADER = YES;
				GCC_PREFIX_HEADER = "TopPlaces/TopPlaces-Prefix.pch";
				INFOPLIST_FILE = "TopPlaces/TopPlaces-Info.plist";
				PRODUCT_NAME = "$(TARGET_NAME)";
				WRAPPER_EXTENSION = app;
			};
			name = Debug;
		};
		55D578E818F72CF60022CD99 /* Release */ = {
			isa = XCBuildConfiguration;
			buildSettings = {
				ASSETCATALOG_COMPILER_APPICON_NAME = AppIcon;
				ASSETCATALOG_COMPILER_LAUNCHIMAGE_NAME = LaunchImage;
				GCC_PRECOMPILE_PREFIX_HEADER = YES;
				GCC_PREFIX_HEADER = "TopPlaces/TopPlaces-Prefix.pch";
				INFOPLIST_FILE = "TopPlaces/TopPlaces-Info.plist";
				PRODUCT_NAME = "$(TARGET_NAME)";
				WRAPPER_EXTENSION = app;
			};
			name = Release;
		};
		55D578EA18F72CF60022CD99 /* Debug */ = {
			isa = XCBuildConfiguration;
			buildSettings = {
				BUNDLE_LOADER = "$(BUILT_PRODUCTS_DIR)/TopPlaces.app/TopPlaces";
				FRAMEWORK_SEARCH_PATHS = (
					"$(SDKROOT)/Developer/Library/Frameworks",
					"$(inherited)",
					"$(DEVELOPER_FRAMEWORKS_DIR)",
				);
				GCC_PRECOMPILE_PREFIX_HEADER = YES;
				GCC_PREFIX_HEADER = "TopPlaces/TopPlaces-Prefix.pch";
				GCC_PREPROCESSOR_DEFINITIONS = (
					"DEBUG=1",
					"$(inherited)",
				);
				INFOPLIST_FILE = "TopPlacesTests/TopPlacesTests-Info.plist";
				PRODUCT_NAME = "$(TARGET_NAME)";
				TEST_HOST = "$(BUNDLE_LOADER)";
				WRAPPER_EXTENSION = xctest;
			};
			name = Debug;
		};
		55D578EB18F72CF60022CD99 /* Release */ = {
			isa = XCBuildConfiguration;
			buildSettings = {
				BUNDLE_LOADER = "$(BUILT_PRODUCTS_DIR)/TopPlaces.app/TopPlaces";
				FRAMEWORK_SEARCH_PATHS = (
					"$(SDKROOT)/Developer/Library/Frameworks",
					"$(inherited)",
					"$(DEVELOPER_FRAMEWORKS_DIR)",
				);
				GCC_PRECOMPILE_PREFIX_HEADER = YES;
				GCC_PREFIX_HEADER = "TopPlaces/TopPlaces-Prefix.pch";
				INFOPLIST_FILE = "TopPlacesTests/TopPlacesTests-Info.plist";
				PRODUCT_NAME = "$(TARGET_NAME)";
				TEST_HOST = "$(BUNDLE_LOADER)";
				WRAPPER_EXTENSION = xctest;
			};
			name = Release;
		};
/* End XCBuildConfiguration section */

/* Begin XCConfigurationList section */
		55D578AC18F72CF60022CD99 /* Build configuration list for PBXProject "TopPlaces" */ = {
			isa = XCConfigurationList;
			buildConfigurations = (
				55D578E418F72CF60022CD99 /* Debug */,
				55D578E518F72CF60022CD99 /* Release */,
			);
			defaultConfigurationIsVisible = 0;
			defaultConfigurationName = Release;
		};
		55D578E618F72CF60022CD99 /* Build configuration list for PBXNativeTarget "TopPlaces" */ = {
			isa = XCConfigurationList;
			buildConfigurations = (
				55D578E718F72CF60022CD99 /* Debug */,
				55D578E818F72CF60022CD99 /* Release */,
			);
			defaultConfigurationIsVisible = 0;
		};
		55D578E918F72CF60022CD99 /* Build configuration list for PBXNativeTarget "TopPlacesTests" */ = {
			isa = XCConfigurationList;
			buildConfigurations = (
				55D578EA18F72CF60022CD99 /* Debug */,
				55D578EB18F72CF60022CD99 /* Release */,
			);
			defaultConfigurationIsVisible = 0;
		};
/* End XCConfigurationList section */
	};
	rootObject = 55D578A918F72CF60022CD99 /* Project object */;
}
